
Microsoft Visual Studio Solution File, Format Version 12.00
# Visual Studio Version 17
VisualStudioVersion = 17.10.35013.160
MinimumVisualStudioVersion = 10.0.40219.1
Project("{9A19103F-16F7-4668-BE54-9A1E7A4F7556}") = "CelHost", "CelHost\CelHost.csproj", "{E650A179-F982-6B11-00A8-656A1B140637}"
EndProject
Project("{FAE04EC0-301F-11D3-BF4B-00C04F79EFBC}") = "LicenseMaker", "LicenseMaker\LicenseMaker.csproj", "{E04B1B76-CF34-4103-A696-FFF6EE756AAB}"
EndProject
Project("{FAE04EC0-301F-11D3-BF4B-00C04F79EFBC}") = "CelHost.Fronter", "CelHost.Fronter\CelHost.Fronter.csproj", "{80181035-C623-4709-84B7-75081FBCE1A6}"
EndProject
Global
	GlobalSection(SolutionConfigurationPlatforms) = preSolution
		Debug|Any CPU = Debug|Any CPU
		Release|Any CPU = Release|Any CPU
	EndGlobalSection
	GlobalSection(ProjectConfigurationPlatforms) = postSolution
		{E650A179-F982-6B11-00A8-656A1B140637}.Debug|Any CPU.ActiveCfg = Debug|Any CPU
		{E650A179-F982-6B11-00A8-656A1B140637}.Debug|Any CPU.Build.0 = Debug|Any CPU
		{E650A179-F982-6B11-00A8-656A1B140637}.Release|Any CPU.ActiveCfg = Release|Any CPU
		{E650A179-F982-6B11-00A8-656A1B140637}.Release|Any CPU.Build.0 = Release|Any CPU
		{E04B1B76-CF34-4103-A696-FFF6EE756AAB}.Debug|Any CPU.ActiveCfg = Debug|Any CPU
		{E04B1B76-CF34-4103-A696-FFF6EE756AAB}.Debug|Any CPU.Build.0 = Debug|Any CPU
		{E04B1B76-CF34-4103-A696-FFF6EE756AAB}.Release|Any CPU.ActiveCfg = Release|Any CPU
		{E04B1B76-CF34-4103-A696-FFF6EE756AAB}.Release|Any CPU.Build.0 = Release|Any CPU
		{80181035-C623-4709-84B7-75081FBCE1A6}.Debug|Any CPU.ActiveCfg = Debug|Any CPU
		{80181035-C623-4709-84B7-75081FBCE1A6}.Debug|Any CPU.Build.0 = Debug|Any CPU
		{80181035-C623-4709-84B7-75081FBCE1A6}.Release|Any CPU.ActiveCfg = Release|Any CPU
		{80181035-C623-4709-84B7-75081FBCE1A6}.Release|Any CPU.Build.0 = Release|Any CPU
	EndGlobalSection
	GlobalSection(SolutionProperties) = preSolution
		HideSolutionNode = FALSE
	EndGlobalSection
	GlobalSection(ExtensibilityGlobals) = postSolution
		SolutionGuid = {F294816C-C6CC-48A8-9F3E-EED7AE5731B5}
	EndGlobalSection
EndGlobal
