
Microsoft Visual Studio Solution File, Format Version 12.00
# Visual Studio Version 17
VisualStudioVersion = 17.13.35825.156 d17.13
MinimumVisualStudioVersion = 10.0.40219.1
Project("{FAE04EC0-301F-11D3-BF4B-00C04F79EFBC}") = "AutoMigrationTest", "AutoMigrationTest.csproj", "{408B7B6A-E9A7-4B23-A24D-49A995F66F14}"
EndProject
Global
	GlobalSection(SolutionConfigurationPlatforms) = preSolution
		Debug|Any CPU = Debug|Any CPU
		Release|Any CPU = Release|Any CPU
	EndGlobalSection
	GlobalSection(ProjectConfigurationPlatforms) = postSolution
		{408B7B6A-E9A7-4B23-A24D-49A995F66F14}.Debug|Any CPU.ActiveCfg = Debug|Any CPU
		{408B7B6A-E9A7-4B23-A24D-49A995F66F14}.Debug|Any CPU.Build.0 = Debug|Any CPU
		{408B7B6A-E9A7-4B23-A24D-49A995F66F14}.Release|Any CPU.ActiveCfg = Release|Any CPU
		{408B7B6A-E9A7-4B23-A24D-49A995F66F14}.Release|Any CPU.Build.0 = Release|Any CPU
	EndGlobalSection
	GlobalSection(SolutionProperties) = preSolution
		HideSolutionNode = FALSE
	EndGlobalSection
	GlobalSection(ExtensibilityGlobals) = postSolution
		SolutionGuid = {BB92F3CD-525C-47C6-A800-CFC6529CBB55}
	EndGlobalSection
EndGlobal
