
Microsoft Visual Studio Solution File, Format Version 12.00
# Visual Studio Version 17
VisualStudioVersion = 17.0.31903.59
MinimumVisualStudioVersion = 10.0.40219.1
Project("{9A19103F-16F7-4668-BE54-9A1E7A4F7556}") = "Si.EntityFramework.AutoMigration", "Si.EntityFramework.AutoMigration\Si.EntityFramework.AutoMigration.csproj", "{790879FD-BE77-65C6-FF53-171FCF871A60}"
EndProject
Project("{9A19103F-16F7-4668-BE54-9A1E7A4F7556}") = "Si.EntityFramework.Extension", "Si.EntityFramework.Extension\Si.EntityFramework.Extension.csproj", "{CFA36821-C797-5CF6-A4C7-16C1E43EC739}"
EndProject
Project("{9A19103F-16F7-4668-BE54-9A1E7A4F7556}") = "Si.EntityFramework.IdentityServer", "Si.EntityFramework.IdentityServer\Si.EntityFramework.IdentityServer.csproj", "{35991715-D510-4907-B12A-7320EE28CA56}"
EndProject
Project("{9A19103F-16F7-4668-BE54-9A1E7A4F7556}") = "Si.Dapper.Sharding", "Si.Dapper.Sharding\Si.Dapper.Sharding.csproj", "{CBC468FC-0EFE-47DE-A435-623106C55E6E}"
EndProject
Project("{2150E333-8FDC-42A3-9474-1A3956D46DE8}") = "Builder", "Builder", "{02EA681E-C7D8-13C7-8484-4AC65E1B71E8}"
	ProjectSection(SolutionItems) = preProject
		Directory.Build.props = Directory.Build.props
		Directory.Build.targets = Directory.Build.targets
	EndProjectSection
EndProject
Project("{9A19103F-16F7-4668-BE54-9A1E7A4F7556}") = "Si.Utilites", "Si.Utilites\Si.Utilites.csproj", "{C8D1C28B-27F5-491D-8887-8FEC2E5E3718}"
EndProject
Project("{9A19103F-16F7-4668-BE54-9A1E7A4F7556}") = "Si.DataAcquisition", "Si.DataAcquisition\Si.DataAcquisition.csproj", "{824EB42F-5B12-44FF-8ECA-BA26771EE317}"
EndProject
Project("{9A19103F-16F7-4668-BE54-9A1E7A4F7556}") = "Si.DomainToolkit", "Si.DomainToolkit\Si.DomainToolkit.csproj", "{224E5986-680A-4EA9-B4B0-70080C8DF142}"
EndProject
Project("{9A19103F-16F7-4668-BE54-9A1E7A4F7556}") = "Si.AspNetCore.Consul.Extension", "Si.AspNetCore.Consul.Extension\Si.AspNetCore.Consul.Extension.csproj", "{18B4755E-DCC0-4255-B825-C7716D0916D5}"
EndProject
Project("{9A19103F-16F7-4668-BE54-9A1E7A4F7556}") = "Si.BaseCore", "Si.BaseCore\Si.BaseCore.csproj", "{6100D7A1-92E9-6957-819A-0C4BDAE8AD0F}"
EndProject
Project("{9A19103F-16F7-4668-BE54-9A1E7A4F7556}") = "Si.Distributed", "Si.Distributed\Si.Distributed.csproj", "{24292728-0547-84E1-5C4D-E2418EEF2FCA}"
EndProject
Project("{9A19103F-16F7-4668-BE54-9A1E7A4F7556}") = "Si.Modules.EventBus", "Si.Modules.EventBus\Si.Modules.EventBus.csproj", "{40B24923-6A31-4B37-A566-8D33D42026E0}"
EndProject
Project("{FAE04EC0-301F-11D3-BF4B-00C04F79EFBC}") = "Si.Crypto", "Si.Crypto\Si.Crypto.csproj", "{422677CB-2A5C-4F46-B6C2-FBEDFFDFBD48}"
EndProject
Global
	GlobalSection(SolutionConfigurationPlatforms) = preSolution
		Debug|Any CPU = Debug|Any CPU
		Release|Any CPU = Release|Any CPU
	EndGlobalSection
	GlobalSection(ProjectConfigurationPlatforms) = postSolution
		{790879FD-BE77-65C6-FF53-171FCF871A60}.Debug|Any CPU.ActiveCfg = Debug|Any CPU
		{790879FD-BE77-65C6-FF53-171FCF871A60}.Debug|Any CPU.Build.0 = Debug|Any CPU
		{790879FD-BE77-65C6-FF53-171FCF871A60}.Release|Any CPU.ActiveCfg = Release|Any CPU
		{790879FD-BE77-65C6-FF53-171FCF871A60}.Release|Any CPU.Build.0 = Release|Any CPU
		{CFA36821-C797-5CF6-A4C7-16C1E43EC739}.Debug|Any CPU.ActiveCfg = Debug|Any CPU
		{CFA36821-C797-5CF6-A4C7-16C1E43EC739}.Debug|Any CPU.Build.0 = Debug|Any CPU
		{CFA36821-C797-5CF6-A4C7-16C1E43EC739}.Release|Any CPU.ActiveCfg = Release|Any CPU
		{CFA36821-C797-5CF6-A4C7-16C1E43EC739}.Release|Any CPU.Build.0 = Release|Any CPU
		{35991715-D510-4907-B12A-7320EE28CA56}.Debug|Any CPU.ActiveCfg = Debug|Any CPU
		{35991715-D510-4907-B12A-7320EE28CA56}.Debug|Any CPU.Build.0 = Debug|Any CPU
		{35991715-D510-4907-B12A-7320EE28CA56}.Release|Any CPU.ActiveCfg = Release|Any CPU
		{35991715-D510-4907-B12A-7320EE28CA56}.Release|Any CPU.Build.0 = Release|Any CPU
		{CBC468FC-0EFE-47DE-A435-623106C55E6E}.Debug|Any CPU.ActiveCfg = Debug|Any CPU
		{CBC468FC-0EFE-47DE-A435-623106C55E6E}.Debug|Any CPU.Build.0 = Debug|Any CPU
		{CBC468FC-0EFE-47DE-A435-623106C55E6E}.Release|Any CPU.ActiveCfg = Release|Any CPU
		{CBC468FC-0EFE-47DE-A435-623106C55E6E}.Release|Any CPU.Build.0 = Release|Any CPU
		{C8D1C28B-27F5-491D-8887-8FEC2E5E3718}.Debug|Any CPU.ActiveCfg = Debug|Any CPU
		{C8D1C28B-27F5-491D-8887-8FEC2E5E3718}.Debug|Any CPU.Build.0 = Debug|Any CPU
		{C8D1C28B-27F5-491D-8887-8FEC2E5E3718}.Release|Any CPU.ActiveCfg = Release|Any CPU
		{C8D1C28B-27F5-491D-8887-8FEC2E5E3718}.Release|Any CPU.Build.0 = Release|Any CPU
		{824EB42F-5B12-44FF-8ECA-BA26771EE317}.Debug|Any CPU.ActiveCfg = Debug|Any CPU
		{824EB42F-5B12-44FF-8ECA-BA26771EE317}.Debug|Any CPU.Build.0 = Debug|Any CPU
		{824EB42F-5B12-44FF-8ECA-BA26771EE317}.Release|Any CPU.ActiveCfg = Release|Any CPU
		{824EB42F-5B12-44FF-8ECA-BA26771EE317}.Release|Any CPU.Build.0 = Release|Any CPU
		{224E5986-680A-4EA9-B4B0-70080C8DF142}.Debug|Any CPU.ActiveCfg = Debug|Any CPU
		{224E5986-680A-4EA9-B4B0-70080C8DF142}.Debug|Any CPU.Build.0 = Debug|Any CPU
		{224E5986-680A-4EA9-B4B0-70080C8DF142}.Release|Any CPU.ActiveCfg = Release|Any CPU
		{224E5986-680A-4EA9-B4B0-70080C8DF142}.Release|Any CPU.Build.0 = Release|Any CPU
		{18B4755E-DCC0-4255-B825-C7716D0916D5}.Debug|Any CPU.ActiveCfg = Debug|Any CPU
		{18B4755E-DCC0-4255-B825-C7716D0916D5}.Debug|Any CPU.Build.0 = Debug|Any CPU
		{18B4755E-DCC0-4255-B825-C7716D0916D5}.Release|Any CPU.ActiveCfg = Release|Any CPU
		{18B4755E-DCC0-4255-B825-C7716D0916D5}.Release|Any CPU.Build.0 = Release|Any CPU
		{6100D7A1-92E9-6957-819A-0C4BDAE8AD0F}.Debug|Any CPU.ActiveCfg = Debug|Any CPU
		{6100D7A1-92E9-6957-819A-0C4BDAE8AD0F}.Debug|Any CPU.Build.0 = Debug|Any CPU
		{6100D7A1-92E9-6957-819A-0C4BDAE8AD0F}.Release|Any CPU.ActiveCfg = Release|Any CPU
		{6100D7A1-92E9-6957-819A-0C4BDAE8AD0F}.Release|Any CPU.Build.0 = Release|Any CPU
		{24292728-0547-84E1-5C4D-E2418EEF2FCA}.Debug|Any CPU.ActiveCfg = Debug|Any CPU
		{24292728-0547-84E1-5C4D-E2418EEF2FCA}.Debug|Any CPU.Build.0 = Debug|Any CPU
		{24292728-0547-84E1-5C4D-E2418EEF2FCA}.Release|Any CPU.ActiveCfg = Release|Any CPU
		{24292728-0547-84E1-5C4D-E2418EEF2FCA}.Release|Any CPU.Build.0 = Release|Any CPU
		{40B24923-6A31-4B37-A566-8D33D42026E0}.Debug|Any CPU.ActiveCfg = Debug|Any CPU
		{40B24923-6A31-4B37-A566-8D33D42026E0}.Debug|Any CPU.Build.0 = Debug|Any CPU
		{40B24923-6A31-4B37-A566-8D33D42026E0}.Release|Any CPU.ActiveCfg = Release|Any CPU
		{40B24923-6A31-4B37-A566-8D33D42026E0}.Release|Any CPU.Build.0 = Release|Any CPU
		{422677CB-2A5C-4F46-B6C2-FBEDFFDFBD48}.Debug|Any CPU.ActiveCfg = Debug|Any CPU
		{422677CB-2A5C-4F46-B6C2-FBEDFFDFBD48}.Debug|Any CPU.Build.0 = Debug|Any CPU
		{422677CB-2A5C-4F46-B6C2-FBEDFFDFBD48}.Release|Any CPU.ActiveCfg = Release|Any CPU
		{422677CB-2A5C-4F46-B6C2-FBEDFFDFBD48}.Release|Any CPU.Build.0 = Release|Any CPU
	EndGlobalSection
	GlobalSection(SolutionProperties) = preSolution
		HideSolutionNode = FALSE
	EndGlobalSection
	GlobalSection(ExtensibilityGlobals) = postSolution
		SolutionGuid = {662B1984-56C6-4D33-A81B-636AFE3E8CE2}
	EndGlobalSection
EndGlobal
