
Microsoft Visual Studio Solution File, Format Version 12.00
# Visual Studio Version 17
VisualStudioVersion = 17.0.31903.59
MinimumVisualStudioVersion = 10.0.40219.1
Project("{9A19103F-16F7-4668-BE54-9A1E7A4F7556}") = "Si.EntityFramework.AutoMigration", "Si.EntityFramework.AutoMigration\Si.EntityFramework.AutoMigration.csproj", "{790879FD-BE77-65C6-FF53-171FCF871A60}"
EndProject
Project("{9A19103F-16F7-4668-BE54-9A1E7A4F7556}") = "Si.EntityFramework.Extension", "Si.EntityFramework.Extension\Si.EntityFramework.Extension.csproj", "{CFA36821-C797-5CF6-A4C7-16C1E43EC739}"
EndProject
Project("{FAE04EC0-301F-11D3-BF4B-00C04F79EFBC}") = "Si.EntityFramework.IdentityServer", "Si.EntityFramework.IdentityServer\Si.EntityFramework.IdentityServer.csproj", "{35991715-D510-4907-B12A-7320EE28CA56}"
EndProject
Project("{FAE04EC0-301F-11D3-BF4B-00C04F79EFBC}") = "Si.CoreHub", "Si.CoreHub\Si.CoreHub.csproj", "{A37D414A-257C-816C-3472-1B2117029E59}"
EndProject
Project("{FAE04EC0-301F-11D3-BF4B-00C04F79EFBC}") = "Si.Dapper.Sharding", "Si.Dapper.Sharding\Si.Dapper.Sharding.csproj", "{CBC468FC-0EFE-47DE-A435-623106C55E6E}"
EndProject
Project("{2150E333-8FDC-42A3-9474-1A3956D46DE8}") = "Builder", "Builder", "{02EA681E-C7D8-13C7-8484-4AC65E1B71E8}"
	ProjectSection(SolutionItems) = preProject
		Directory.Build.props = Directory.Build.props
		Directory.Build.targets = Directory.Build.targets
	EndProjectSection
EndProject
Project("{FAE04EC0-301F-11D3-BF4B-00C04F79EFBC}") = "Si.Utilites", "Si.Utilites\Si.Utilites.csproj", "{C8D1C28B-27F5-491D-8887-8FEC2E5E3718}"
EndProject
Project("{FAE04EC0-301F-11D3-BF4B-00C04F79EFBC}") = "Si.DataAcquisition", "Si.DataAcquisition\Si.DataAcquisition.csproj", "{824EB42F-5B12-44FF-8ECA-BA26771EE317}"
EndProject
Global
	GlobalSection(SolutionConfigurationPlatforms) = preSolution
		Debug|Any CPU = Debug|Any CPU
		Release|Any CPU = Release|Any CPU
	EndGlobalSection
	GlobalSection(ProjectConfigurationPlatforms) = postSolution
		{790879FD-BE77-65C6-FF53-171FCF871A60}.Debug|Any CPU.ActiveCfg = Debug|Any CPU
		{790879FD-BE77-65C6-FF53-171FCF871A60}.Debug|Any CPU.Build.0 = Debug|Any CPU
		{790879FD-BE77-65C6-FF53-171FCF871A60}.Release|Any CPU.ActiveCfg = Release|Any CPU
		{790879FD-BE77-65C6-FF53-171FCF871A60}.Release|Any CPU.Build.0 = Release|Any CPU
		{CFA36821-C797-5CF6-A4C7-16C1E43EC739}.Debug|Any CPU.ActiveCfg = Debug|Any CPU
		{CFA36821-C797-5CF6-A4C7-16C1E43EC739}.Debug|Any CPU.Build.0 = Debug|Any CPU
		{CFA36821-C797-5CF6-A4C7-16C1E43EC739}.Release|Any CPU.ActiveCfg = Release|Any CPU
		{CFA36821-C797-5CF6-A4C7-16C1E43EC739}.Release|Any CPU.Build.0 = Release|Any CPU
		{35991715-D510-4907-B12A-7320EE28CA56}.Debug|Any CPU.ActiveCfg = Debug|Any CPU
		{35991715-D510-4907-B12A-7320EE28CA56}.Debug|Any CPU.Build.0 = Debug|Any CPU
		{35991715-D510-4907-B12A-7320EE28CA56}.Release|Any CPU.ActiveCfg = Release|Any CPU
		{35991715-D510-4907-B12A-7320EE28CA56}.Release|Any CPU.Build.0 = Release|Any CPU
		{A37D414A-257C-816C-3472-1B2117029E59}.Debug|Any CPU.ActiveCfg = Debug|Any CPU
		{A37D414A-257C-816C-3472-1B2117029E59}.Debug|Any CPU.Build.0 = Debug|Any CPU
		{A37D414A-257C-816C-3472-1B2117029E59}.Release|Any CPU.ActiveCfg = Release|Any CPU
		{A37D414A-257C-816C-3472-1B2117029E59}.Release|Any CPU.Build.0 = Release|Any CPU
		{CBC468FC-0EFE-47DE-A435-623106C55E6E}.Debug|Any CPU.ActiveCfg = Debug|Any CPU
		{CBC468FC-0EFE-47DE-A435-623106C55E6E}.Debug|Any CPU.Build.0 = Debug|Any CPU
		{CBC468FC-0EFE-47DE-A435-623106C55E6E}.Release|Any CPU.ActiveCfg = Release|Any CPU
		{CBC468FC-0EFE-47DE-A435-623106C55E6E}.Release|Any CPU.Build.0 = Release|Any CPU
		{C8D1C28B-27F5-491D-8887-8FEC2E5E3718}.Debug|Any CPU.ActiveCfg = Debug|Any CPU
		{C8D1C28B-27F5-491D-8887-8FEC2E5E3718}.Debug|Any CPU.Build.0 = Debug|Any CPU
		{C8D1C28B-27F5-491D-8887-8FEC2E5E3718}.Release|Any CPU.ActiveCfg = Release|Any CPU
		{C8D1C28B-27F5-491D-8887-8FEC2E5E3718}.Release|Any CPU.Build.0 = Release|Any CPU
		{824EB42F-5B12-44FF-8ECA-BA26771EE317}.Debug|Any CPU.ActiveCfg = Debug|Any CPU
		{824EB42F-5B12-44FF-8ECA-BA26771EE317}.Debug|Any CPU.Build.0 = Debug|Any CPU
		{824EB42F-5B12-44FF-8ECA-BA26771EE317}.Release|Any CPU.ActiveCfg = Release|Any CPU
		{824EB42F-5B12-44FF-8ECA-BA26771EE317}.Release|Any CPU.Build.0 = Release|Any CPU
	EndGlobalSection
	GlobalSection(SolutionProperties) = preSolution
		HideSolutionNode = FALSE
	EndGlobalSection
	GlobalSection(ExtensibilityGlobals) = postSolution
		SolutionGuid = {662B1984-56C6-4D33-A81B-636AFE3E8CE2}
	EndGlobalSection
EndGlobal
