
Microsoft Visual Studio Solution File, Format Version 12.00
# Visual Studio Version 17
VisualStudioVersion = 17.0.31903.59
MinimumVisualStudioVersion = 10.0.40219.1
Project("{FAE04EC0-301F-11D3-BF4B-00C04F79EFBC}") = "AspNetCore.AutoMigrationTest", "AspNetCore.AutoMigrationTest\AspNetCore.AutoMigrationTest.csproj", "{8DEBA6FD-12F6-47FC-9490-BF7E962F3694}"
EndProject
Project("{9A19103F-16F7-4668-BE54-9A1E7A4F7556}") = "Si.EntityFramework.AutoMigration", "..\..\src\components\Si.EntityFramework.AutoMigration\Si.EntityFramework.AutoMigration.csproj", "{EEDD3E39-0281-4508-A00B-7A2F3E1F3EEB}"
EndProject
Global
	GlobalSection(SolutionConfigurationPlatforms) = preSolution
		Debug|Any CPU = Debug|Any CPU
		Release|Any CPU = Release|Any CPU
	EndGlobalSection
	GlobalSection(ProjectConfigurationPlatforms) = postSolution
		{8DEBA6FD-12F6-47FC-9490-BF7E962F3694}.Debug|Any CPU.ActiveCfg = Debug|Any CPU
		{8DEBA6FD-12F6-47FC-9490-BF7E962F3694}.Debug|Any CPU.Build.0 = Debug|Any CPU
		{8DEBA6FD-12F6-47FC-9490-BF7E962F3694}.Release|Any CPU.ActiveCfg = Release|Any CPU
		{8DEBA6FD-12F6-47FC-9490-BF7E962F3694}.Release|Any CPU.Build.0 = Release|Any CPU
		{EEDD3E39-0281-4508-A00B-7A2F3E1F3EEB}.Debug|Any CPU.ActiveCfg = Debug|Any CPU
		{EEDD3E39-0281-4508-A00B-7A2F3E1F3EEB}.Debug|Any CPU.Build.0 = Debug|Any CPU
		{EEDD3E39-0281-4508-A00B-7A2F3E1F3EEB}.Release|Any CPU.ActiveCfg = Release|Any CPU
		{EEDD3E39-0281-4508-A00B-7A2F3E1F3EEB}.Release|Any CPU.Build.0 = Release|Any CPU
	EndGlobalSection
	GlobalSection(SolutionProperties) = preSolution
		HideSolutionNode = FALSE
	EndGlobalSection
	GlobalSection(ExtensibilityGlobals) = postSolution
		SolutionGuid = {4C8B967D-EC1B-4F7B-8C88-46DD7F0F9C92}
	EndGlobalSection
EndGlobal
