
Microsoft Visual Studio Solution File, Format Version 12.00
# Visual Studio Version 17
VisualStudioVersion = 17.0.31903.59
MinimumVisualStudioVersion = 10.0.40219.1
Project("{FAE04EC0-301F-11D3-BF4B-00C04F79EFBC}") = "Si.Modules.Swagger", "Si.Modules.Swagger\Si.Modules.Swagger.csproj", "{3714F037-E640-4B0F-88FA-0B54EB47DA37}"
EndProject
Global
	GlobalSection(SolutionConfigurationPlatforms) = preSolution
		Debug|Any CPU = Debug|Any CPU
		Release|Any CPU = Release|Any CPU
	EndGlobalSection
	GlobalSection(ProjectConfigurationPlatforms) = postSolution
		{3714F037-E640-4B0F-88FA-0B54EB47DA37}.Debug|Any CPU.ActiveCfg = Debug|Any CPU
		{3714F037-E640-4B0F-88FA-0B54EB47DA37}.Debug|Any CPU.Build.0 = Debug|Any CPU
		{3714F037-E640-4B0F-88FA-0B54EB47DA37}.Release|Any CPU.ActiveCfg = Release|Any CPU
		{3714F037-E640-4B0F-88FA-0B54EB47DA37}.Release|Any CPU.Build.0 = Release|Any CPU
	EndGlobalSection
	GlobalSection(SolutionProperties) = preSolution
		HideSolutionNode = FALSE
	EndGlobalSection
	GlobalSection(ExtensibilityGlobals) = postSolution
		SolutionGuid = {11D2BC9F-38D7-431F-9213-3AF4527C9703}
	EndGlobalSection
EndGlobal
